# THIS IS AN AUTOGENERATED FILE. DO NOT EDIT THIS FILE DIRECTLY.
# yarn lockfile v1


"@amap/amap-jsapi-loader@^1.0.1":
  version "1.0.1"
  resolved "https://registry.npmmirror.com/@amap/amap-jsapi-loader/-/amap-jsapi-loader-1.0.1.tgz"
  integrity sha512-nPyLKt7Ow/ThHLkSvn2etQlUzqxmTVgK7bIgwdBRTg2HK5668oN7xVxkaiRe3YZEzGzfV2XgH5Jmu2T73ljejw==

"@amap/amap-jsapi-types@^0.0.13":
  version "0.0.13"
  resolved "https://registry.npmmirror.com/@amap/amap-jsapi-types/-/amap-jsapi-types-0.0.13.tgz"
  integrity sha512-hwp36URjQT9vDTmoUPYph3SEAiOvoUB+PGK0jZeZamgvaxew7rgc1XZWL/HphyMfRAqKwIYsAvXm9v8DTSjjzA==

"@babel/parser@^7.20.15", "@babel/parser@^7.21.3":
  version "7.21.9"
  resolved "https://registry.npmjs.org/@babel/parser/-/parser-7.21.9.tgz"
  integrity sha512-q5PNg/Bi1OpGgx5jYlvWZwAorZepEudDMCLtj967aeS7WMont7dUZI46M2XwcIQqvUlMxWfdLFu4S/qSxeUu5g==

"@ctrl/tinycolor@^3.4.1":
  version "3.6.1"
  resolved "https://registry.npmmirror.com/@ctrl/tinycolor/-/tinycolor-3.6.1.tgz"
  integrity sha512-SITSV6aIXsuVNV3f3O0f2n/cgyEDWoSqtZMYiAmcsYHydcKrOz3gUxB/iXd/Qf08+IZX4KpgNbvUdMBmWz+kcA==

"@element-plus/icons-vue@^2.1.0", "@element-plus/icons-vue@^2.3.1":
  version "2.3.1"
  resolved "https://registry.npmmirror.com/@element-plus/icons-vue/-/icons-vue-2.3.1.tgz"
  integrity sha512-XxVUZv48RZAd87ucGS48jPf6pKu0yV5UCg9f4FFwtrYxXOwWuVJo6wOvSLKEoMQKjv8GsX/mhP6UsC1lRwbUWg==

"@esbuild/win32-x64@0.17.19":
  version "0.17.19"
  resolved "https://registry.npmjs.org/@esbuild/win32-x64/-/win32-x64-0.17.19.tgz"
  integrity sha512-lAhycmKnVOuRYNtRtatQR1LPQf2oYCkRGkSFnseDAKPl8lu5SOsK/e1sXe5a0Pc5kHIHe6P2I/ilntNv2xf3cA==

"@floating-ui/core@^1.6.0":
  version "1.6.8"
  resolved "https://registry.npmmirror.com/@floating-ui/core/-/core-1.6.8.tgz"
  integrity sha512-7XJ9cPU+yI2QeLS+FCSlqNFZJq8arvswefkZrYI1yQBbftw6FyrZOxYSh+9S7z7TpeWlRt9zJ5IhM1WIL334jA==
  dependencies:
    "@floating-ui/utils" "^0.2.8"

"@floating-ui/dom@^1.0.1":
  version "1.6.11"
  resolved "https://registry.npmmirror.com/@floating-ui/dom/-/dom-1.6.11.tgz"
  integrity sha512-qkMCxSR24v2vGkhYDo/UzxfJN3D4syqSjyuTFz6C7XcpU1pASPRieNI0Kj5VP3/503mOfYiGY891ugBX1GlABQ==
  dependencies:
    "@floating-ui/core" "^1.6.0"
    "@floating-ui/utils" "^0.2.8"

"@floating-ui/utils@^0.2.8":
  version "0.2.8"
  resolved "https://registry.npmmirror.com/@floating-ui/utils/-/utils-0.2.8.tgz"
  integrity sha512-kym7SodPp8/wloecOpcmSnWJsK7M0E5Wg8UcFA+uO4B9s5d0ywXOEro/8HM9x0rW+TljRzul/14UYz3TleT3ig==

"@jridgewell/sourcemap-codec@^1.4.13":
  version "1.4.15"
  resolved "https://registry.npmjs.org/@jridgewell/sourcemap-codec/-/sourcemap-codec-1.4.15.tgz"
  integrity sha512-eF2rxCRulEKXHTRiDrDy6erMYWqNw4LPdQ8UQA4huuxaQsVeRPFl2oM8oDGxMFhJUWZf9McpLtJasDDZb/Bpeg==

"@popperjs/core@npm:@sxzz/popperjs-es@^2.11.7":
  version "2.11.7"
  resolved "https://registry.npmmirror.com/@sxzz/popperjs-es/-/popperjs-es-2.11.7.tgz"
  integrity sha512-Ccy0NlLkzr0Ex2FKvh2X+OyERHXJ88XJ1MXtsI9y9fGexlaXaVTPzBCRBwIxFkORuOb+uBqeu+RqnpgYTEZRUQ==

"@types/lodash-es@*", "@types/lodash-es@^4.17.6":
  version "4.17.12"
  resolved "https://registry.npmmirror.com/@types/lodash-es/-/lodash-es-4.17.12.tgz"
  integrity sha512-0NgftHUcV4v34VhXm8QBSftKVXtbkBG3ViCjs6+eJ5a6y6Mi/jiFGPc1sC7QK+9BFhWrURE3EOggmWaSxL9OzQ==
  dependencies:
    "@types/lodash" "*"

"@types/lodash@*", "@types/lodash@^4.14.182":
  version "4.17.9"
  resolved "https://registry.npmmirror.com/@types/lodash/-/lodash-4.17.9.tgz"
  integrity sha512-w9iWudx1XWOHW5lQRS9iKpK/XuRhnN+0T7HvdCCd802FYkT1AMTnxndJHGrNJwRoRHkslGr4S29tjm1cT7x/7w==

"@types/node@^20.2.3", "@types/node@>= 14":
  version "20.2.3"
  resolved "https://registry.npmjs.org/@types/node/-/node-20.2.3.tgz"
  integrity sha512-pg9d0yC4rVNWQzX8U7xb4olIOFuuVL9za3bzMT2pu2SU0SNEi66i2qrvhE2qt0HvkhuCaWJu7pLNOt/Pj8BIrw==

"@types/web-bluetooth@^0.0.16":
  version "0.0.16"
  resolved "https://registry.npmmirror.com/@types/web-bluetooth/-/web-bluetooth-0.0.16.tgz"
  integrity sha512-oh8q2Zc32S6gd/j50GowEjKLoOVOwHP/bWVjKJInBwQqdOYMdPrf1oVlelTlyfFK3CKxL1uahMDAr+vy8T7yMQ==

"@vitejs/plugin-vue@^4.1.0":
  version "4.2.3"
  resolved "https://registry.npmjs.org/@vitejs/plugin-vue/-/plugin-vue-4.2.3.tgz"
  integrity sha512-R6JDUfiZbJA9cMiguQ7jxALsgiprjBeHL5ikpXfJCH62pPHtI+JdJ5xWj6Ev73yXSlYl86+blXn1kZHQ7uElxw==

"@volar/language-core@1.4.1":
  version "1.4.1"
  resolved "https://registry.npmjs.org/@volar/language-core/-/language-core-1.4.1.tgz"
  integrity sha512-EIY+Swv+TjsWpxOxujjMf1ZXqOjg9MT2VMXZ+1dKva0wD8W0L6EtptFFcCJdBbcKmGMFkr57Qzz9VNMWhs3jXQ==
  dependencies:
    "@volar/source-map" "1.4.1"

"@volar/source-map@1.4.1":
  version "1.4.1"
  resolved "https://registry.npmjs.org/@volar/source-map/-/source-map-1.4.1.tgz"
  integrity sha512-bZ46ad72dsbzuOWPUtJjBXkzSQzzSejuR3CT81+GvTEI2E994D8JPXzM3tl98zyCNnjgs4OkRyliImL1dvJ5BA==
  dependencies:
    muggle-string "^0.2.2"

"@volar/typescript@1.4.1-patch.2":
  version "1.4.1-patch.2"
  resolved "https://registry.npmjs.org/@volar/typescript/-/typescript-1.4.1-patch.2.tgz"
  integrity sha512-lPFYaGt8OdMEzNGJJChF40uYqMO4Z/7Q9fHPQC/NRVtht43KotSXLrkPandVVMf9aPbiJ059eAT+fwHGX16k4w==
  dependencies:
    "@volar/language-core" "1.4.1"

"@volar/vue-language-core@1.6.5":
  version "1.6.5"
  resolved "https://registry.npmjs.org/@volar/vue-language-core/-/vue-language-core-1.6.5.tgz"
  integrity sha512-IF2b6hW4QAxfsLd5mePmLgtkXzNi+YnH6ltCd80gb7+cbdpFMjM1I+w+nSg2kfBTyfu+W8useCZvW89kPTBpzg==
  dependencies:
    "@volar/language-core" "1.4.1"
    "@volar/source-map" "1.4.1"
    "@vue/compiler-dom" "^3.3.0"
    "@vue/compiler-sfc" "^3.3.0"
    "@vue/reactivity" "^3.3.0"
    "@vue/shared" "^3.3.0"
    minimatch "^9.0.0"
    muggle-string "^0.2.2"
    vue-template-compiler "^2.7.14"

"@volar/vue-typescript@1.6.5":
  version "1.6.5"
  resolved "https://registry.npmjs.org/@volar/vue-typescript/-/vue-typescript-1.6.5.tgz"
  integrity sha512-er9rVClS4PHztMUmtPMDTl+7c7JyrxweKSAEe/o/Noeq2bQx6v3/jZHVHBe8ZNUti5ubJL/+Tg8L3bzmlalV8A==
  dependencies:
    "@volar/typescript" "1.4.1-patch.2"
    "@volar/vue-language-core" "1.6.5"

"@vue/compiler-core@3.3.4":
  version "3.3.4"
  resolved "https://registry.npmjs.org/@vue/compiler-core/-/compiler-core-3.3.4.tgz"
  integrity sha512-cquyDNvZ6jTbf/+x+AgM2Arrp6G4Dzbb0R64jiG804HRMfRiFXWI6kqUVqZ6ZR0bQhIoQjB4+2bhNtVwndW15g==
  dependencies:
    "@babel/parser" "^7.21.3"
    "@vue/shared" "3.3.4"
    estree-walker "^2.0.2"
    source-map-js "^1.0.2"

"@vue/compiler-dom@^3.3.0", "@vue/compiler-dom@3.3.4":
  version "3.3.4"
  resolved "https://registry.npmjs.org/@vue/compiler-dom/-/compiler-dom-3.3.4.tgz"
  integrity sha512-wyM+OjOVpuUukIq6p5+nwHYtj9cFroz9cwkfmP9O1nzH68BenTTv0u7/ndggT8cIQlnBeOo6sUT/gvHcIkLA5w==
  dependencies:
    "@vue/compiler-core" "3.3.4"
    "@vue/shared" "3.3.4"

"@vue/compiler-sfc@^3.3.0", "@vue/compiler-sfc@3.3.4":
  version "3.3.4"
  resolved "https://registry.npmjs.org/@vue/compiler-sfc/-/compiler-sfc-3.3.4.tgz"
  integrity sha512-6y/d8uw+5TkCuzBkgLS0v3lSM3hJDntFEiUORM11pQ/hKvkhSKZrXW6i69UyXlJQisJxuUEJKAWEqWbWsLeNKQ==
  dependencies:
    "@babel/parser" "^7.20.15"
    "@vue/compiler-core" "3.3.4"
    "@vue/compiler-dom" "3.3.4"
    "@vue/compiler-ssr" "3.3.4"
    "@vue/reactivity-transform" "3.3.4"
    "@vue/shared" "3.3.4"
    estree-walker "^2.0.2"
    magic-string "^0.30.0"
    postcss "^8.1.10"
    source-map-js "^1.0.2"

"@vue/compiler-ssr@3.3.4":
  version "3.3.4"
  resolved "https://registry.npmjs.org/@vue/compiler-ssr/-/compiler-ssr-3.3.4.tgz"
  integrity sha512-m0v6oKpup2nMSehwA6Uuu+j+wEwcy7QmwMkVNVfrV9P2qE5KshC6RwOCq8fjGS/Eak/uNb8AaWekfiXxbBB6gQ==
  dependencies:
    "@vue/compiler-dom" "3.3.4"
    "@vue/shared" "3.3.4"

"@vue/devtools-api@^6.5.0":
  version "6.5.0"
  resolved "https://registry.npmmirror.com/@vue/devtools-api/-/devtools-api-6.5.0.tgz"
  integrity sha512-o9KfBeaBmCKl10usN4crU53fYtC1r7jJwdGKjPT24t348rHxgfpZ0xL3Xm/gLUYnc0oTp8LAmrxOeLyu6tbk2Q==

"@vue/reactivity-transform@3.3.4":
  version "3.3.4"
  resolved "https://registry.npmjs.org/@vue/reactivity-transform/-/reactivity-transform-3.3.4.tgz"
  integrity sha512-MXgwjako4nu5WFLAjpBnCj/ieqcjE2aJBINUNQzkZQfzIZA4xn+0fV1tIYBJvvva3N3OvKGofRLvQIwEQPpaXw==
  dependencies:
    "@babel/parser" "^7.20.15"
    "@vue/compiler-core" "3.3.4"
    "@vue/shared" "3.3.4"
    estree-walker "^2.0.2"
    magic-string "^0.30.0"

"@vue/reactivity@^3.3.0", "@vue/reactivity@3.3.4":
  version "3.3.4"
  resolved "https://registry.npmjs.org/@vue/reactivity/-/reactivity-3.3.4.tgz"
  integrity sha512-kLTDLwd0B1jG08NBF3R5rqULtv/f8x3rOFByTDz4J53ttIQEDmALqKqXY0J+XQeN0aV2FBxY8nJDf88yvOPAqQ==
  dependencies:
    "@vue/shared" "3.3.4"

"@vue/runtime-core@3.3.4":
  version "3.3.4"
  resolved "https://registry.npmjs.org/@vue/runtime-core/-/runtime-core-3.3.4.tgz"
  integrity sha512-R+bqxMN6pWO7zGI4OMlmvePOdP2c93GsHFM/siJI7O2nxFRzj55pLwkpCedEY+bTMgp5miZ8CxfIZo3S+gFqvA==
  dependencies:
    "@vue/reactivity" "3.3.4"
    "@vue/shared" "3.3.4"

"@vue/runtime-dom@3.3.4":
  version "3.3.4"
  resolved "https://registry.npmjs.org/@vue/runtime-dom/-/runtime-dom-3.3.4.tgz"
  integrity sha512-Aj5bTJ3u5sFsUckRghsNjVTtxZQ1OyMWCr5dZRAPijF/0Vy4xEoRCwLyHXcj4D0UFbJ4lbx3gPTgg06K/GnPnQ==
  dependencies:
    "@vue/runtime-core" "3.3.4"
    "@vue/shared" "3.3.4"
    csstype "^3.1.1"

"@vue/server-renderer@3.3.4":
  version "3.3.4"
  resolved "https://registry.npmjs.org/@vue/server-renderer/-/server-renderer-3.3.4.tgz"
  integrity sha512-Q6jDDzR23ViIb67v+vM1Dqntu+HUexQcsWKhhQa4ARVzxOY2HbC7QRW/ggkDBd5BU+uM1sV6XOAP0b216o34JQ==
  dependencies:
    "@vue/compiler-ssr" "3.3.4"
    "@vue/shared" "3.3.4"

"@vue/shared@^3.3.0", "@vue/shared@3.3.4":
  version "3.3.4"
  resolved "https://registry.npmjs.org/@vue/shared/-/shared-3.3.4.tgz"
  integrity sha512-7OjdcV8vQ74eiz1TZLzZP4JwqM5fA94K6yntPS5Z25r9HDuGNzaGdgvwKYq6S+MxwF0TFRwe50fIR/MYnakdkQ==

"@vueuse/core@^9.1.0":
  version "9.13.0"
  resolved "https://registry.npmmirror.com/@vueuse/core/-/core-9.13.0.tgz"
  integrity sha512-pujnclbeHWxxPRqXWmdkKV5OX4Wk4YeK7wusHqRwU0Q7EFusHoqNA/aPhB6KCh9hEqJkLAJo7bb0Lh9b+OIVzw==
  dependencies:
    "@types/web-bluetooth" "^0.0.16"
    "@vueuse/metadata" "9.13.0"
    "@vueuse/shared" "9.13.0"
    vue-demi "*"

"@vueuse/metadata@9.13.0":
  version "9.13.0"
  resolved "https://registry.npmmirror.com/@vueuse/metadata/-/metadata-9.13.0.tgz"
  integrity sha512-gdU7TKNAUVlXXLbaF+ZCfte8BjRJQWPCa2J55+7/h+yDtzw3vOoGQDRXzI6pyKyo6bXFT5/QoPE4hAknExjRLQ==

"@vueuse/shared@9.13.0":
  version "9.13.0"
  resolved "https://registry.npmmirror.com/@vueuse/shared/-/shared-9.13.0.tgz"
  integrity sha512-UrnhU+Cnufu4S6JLCPZnkWh0WwZGUp72ktOF2DFptMlOs3TOdVv8xJN53zhHGARmVOsz5KqOls09+J1NR6sBKw==
  dependencies:
    vue-demi "*"

animejs@^3.2.1:
  version "3.2.2"
  resolved "https://registry.npmmirror.com/animejs/-/animejs-3.2.2.tgz"
  integrity sha512-Ao95qWLpDPXXM+WrmwcKbl6uNlC5tjnowlaRYtuVDHHoygjtIPfDUoK9NthrlZsQSKjZXlmji2TrBUAVbiH0LQ==

anymatch@~3.1.2:
  version "3.1.3"
  resolved "https://registry.npmjs.org/anymatch/-/anymatch-3.1.3.tgz"
  integrity sha512-KMReFUr0B4t+D+OBkjR3KYqvocp2XaSzO55UcB6mgQMd3KbcE+mWTyvVV7D/zsdEbNnV6acZUutkiHQXvTr1Rw==
  dependencies:
    normalize-path "^3.0.0"
    picomatch "^2.0.4"

async-validator@^4.2.5:
  version "4.2.5"
  resolved "https://registry.npmmirror.com/async-validator/-/async-validator-4.2.5.tgz"
  integrity sha512-7HhHjtERjqlNbZtqNqy2rckN/SpOOlmDliet+lP7k+eKZEjPk3DgyeU9lIXLdeLz0uBbbVp+9Qdow9wJWgwwfg==

balanced-match@^1.0.0:
  version "1.0.2"
  resolved "https://registry.npmjs.org/balanced-match/-/balanced-match-1.0.2.tgz"
  integrity sha512-3oSeUO0TMV67hN1AmbXsK4yaqU7tjiHlbxRDZOpH0KW9+CeX4bRAaX0Anxt0tx2MrpRpWwQaPwIlISEJhYU5Pw==

binary-extensions@^2.0.0:
  version "2.2.0"
  resolved "https://registry.npmjs.org/binary-extensions/-/binary-extensions-2.2.0.tgz"
  integrity sha512-jDctJ/IVQbZoJykoeHbhXpOlNBqGNcwXJKJog42E5HDPUwQTSdjCHdihjj0DlnheQ7blbT6dHOafNAiS8ooQKA==

brace-expansion@^2.0.1:
  version "2.0.1"
  resolved "https://registry.npmjs.org/brace-expansion/-/brace-expansion-2.0.1.tgz"
  integrity sha512-XnAIvQ8eM+kC6aULx6wuQiwVsnzsi9d3WxzV3FpWTGA19F621kwdbsAcFKXgKUHZWsy+mY6iL1sHTxWEFCytDA==
  dependencies:
    balanced-match "^1.0.0"

braces@~3.0.2:
  version "3.0.2"
  resolved "https://registry.npmjs.org/braces/-/braces-3.0.2.tgz"
  integrity sha512-b8um+L1RzM3WDSzvhm6gIz1yfTbBt6YTlcEKAvsmqCZZFw46z626lVj9j1yEPW33H5H+lBQpZMP1k8l+78Ha0A==
  dependencies:
    fill-range "^7.0.1"

"chokidar@>=3.0.0 <4.0.0":
  version "3.5.3"
  resolved "https://registry.npmjs.org/chokidar/-/chokidar-3.5.3.tgz"
  integrity sha512-Dr3sfKRP6oTcjf2JmUmFJfeVMvXBdegxB0iVQ5eb2V10uFJUCAS8OByZdVAyVb8xXNz3GjjTgj9kLWsZTqE6kw==
  dependencies:
    anymatch "~3.1.2"
    braces "~3.0.2"
    glob-parent "~5.1.2"
    is-binary-path "~2.1.0"
    is-glob "~4.0.1"
    normalize-path "~3.0.0"
    readdirp "~3.6.0"
  optionalDependencies:
    fsevents "~2.3.2"

csstype@^3.1.1:
  version "3.1.2"
  resolved "https://registry.npmjs.org/csstype/-/csstype-3.1.2.tgz"
  integrity sha512-I7K1Uu0MBPzaFKg4nI5Q7Vs2t+3gWWW648spaF+Rg7pI9ds18Ugn+lvg4SHczUdKlHI5LWBXyqfS8+DufyBsgQ==

dayjs@^1.11.3, dayjs@^1.11.8:
  version "1.11.13"
  resolved "https://registry.npmmirror.com/dayjs/-/dayjs-1.11.13.tgz"
  integrity sha512-oaMBel6gjolK862uaPQOVTA7q3TZhuSvuMQAAglQDOWYO9A91IrAOUJEyKVlqJlHE0vq5p5UXxzdPfMH/x6xNg==

de-indent@^1.0.2:
  version "1.0.2"
  resolved "https://registry.npmjs.org/de-indent/-/de-indent-1.0.2.tgz"
  integrity sha512-e/1zu3xH5MQryN2zdVaF0OrdNLUbvWxzMbi+iNA6Bky7l1RoP8a2fIbRocyHclXt/arDrrR6lL3TqFD9pMQTsg==

echarts@^5.4.2:
  version "5.5.1"
  resolved "https://registry.npmmirror.com/echarts/-/echarts-5.5.1.tgz"
  integrity sha512-Fce8upazaAXUVUVsjgV6mBnGuqgO+JNDlcgF79Dksy4+wgGpQB2lmYoO4TSweFg/mZITdpGHomw/cNBJZj1icA==
  dependencies:
    tslib "2.3.0"
    zrender "5.6.0"

element-plus@^2.3.7:
  version "2.8.3"
  resolved "https://registry.npmmirror.com/element-plus/-/element-plus-2.8.3.tgz"
  integrity sha512-BXQOyDf0s7JHyNEV8iaO+iaOzTZPsBXVKMzMI967vLCodUBDLrtiY5vglAn1YEebQcUOEUMhGcttTpIvEkcBjQ==
  dependencies:
    "@ctrl/tinycolor" "^3.4.1"
    "@element-plus/icons-vue" "^2.3.1"
    "@floating-ui/dom" "^1.0.1"
    "@popperjs/core" "npm:@sxzz/popperjs-es@^2.11.7"
    "@types/lodash" "^4.14.182"
    "@types/lodash-es" "^4.17.6"
    "@vueuse/core" "^9.1.0"
    async-validator "^4.2.5"
    dayjs "^1.11.3"
    escape-html "^1.0.3"
    lodash "^4.17.21"
    lodash-es "^4.17.21"
    lodash-unified "^1.0.2"
    memoize-one "^6.0.0"
    normalize-wheel-es "^1.2.0"

es-drager@^0.3.5:
  version "0.3.5"
  resolved "https://registry.npmjs.org/es-drager/-/es-drager-0.3.5.tgz"
  integrity sha512-xnplBbacJJh1Rq3aSseOevxkL1/AuPlk+pZfXDRoYD+gIk+FUG4AwqLiIdbOhnsZpzrGatQE+zHn3of88oTQgg==
  dependencies:
    vue ">=3.2.0"

esbuild@^0.17.5:
  version "0.17.19"
  resolved "https://registry.npmjs.org/esbuild/-/esbuild-0.17.19.tgz"
  integrity sha512-XQ0jAPFkK/u3LcVRcvVHQcTIqD6E2H1fvZMA5dQPSOWb3suUbWbfbRf94pjc0bNzRYLfIrDRQXr7X+LHIm5oHw==
  optionalDependencies:
    "@esbuild/android-arm" "0.17.19"
    "@esbuild/android-arm64" "0.17.19"
    "@esbuild/android-x64" "0.17.19"
    "@esbuild/darwin-arm64" "0.17.19"
    "@esbuild/darwin-x64" "0.17.19"
    "@esbuild/freebsd-arm64" "0.17.19"
    "@esbuild/freebsd-x64" "0.17.19"
    "@esbuild/linux-arm" "0.17.19"
    "@esbuild/linux-arm64" "0.17.19"
    "@esbuild/linux-ia32" "0.17.19"
    "@esbuild/linux-loong64" "0.17.19"
    "@esbuild/linux-mips64el" "0.17.19"
    "@esbuild/linux-ppc64" "0.17.19"
    "@esbuild/linux-riscv64" "0.17.19"
    "@esbuild/linux-s390x" "0.17.19"
    "@esbuild/linux-x64" "0.17.19"
    "@esbuild/netbsd-x64" "0.17.19"
    "@esbuild/openbsd-x64" "0.17.19"
    "@esbuild/sunos-x64" "0.17.19"
    "@esbuild/win32-arm64" "0.17.19"
    "@esbuild/win32-ia32" "0.17.19"
    "@esbuild/win32-x64" "0.17.19"

escape-html@^1.0.3:
  version "1.0.3"
  resolved "https://registry.npmmirror.com/escape-html/-/escape-html-1.0.3.tgz"
  integrity sha512-NiSupZ4OeuGwr68lGIeym/ksIZMJodUGOSCZ/FSnTxcrekbvqrgdUxlJOMpijaKZVjAJrWrGs/6Jy8OMuyj9ow==

estree-walker@^2.0.2:
  version "2.0.2"
  resolved "https://registry.npmjs.org/estree-walker/-/estree-walker-2.0.2.tgz"
  integrity sha512-Rfkk/Mp/DL7JVje3u18FxFujQlTNR2q6QfMSMB7AvCBx91NGj/ba3kCfza0f6dVDbw7YlRf/nDrn7pQrCCyQ/w==

fill-range@^7.0.1:
  version "7.0.1"
  resolved "https://registry.npmjs.org/fill-range/-/fill-range-7.0.1.tgz"
  integrity sha512-qOo9F+dMUmC2Lcb4BbVvnKJxTPjCm+RRpe4gDuGrzkL7mEVl/djYSu2OdQ2Pa302N4oqkSg9ir6jaLWJ2USVpQ==
  dependencies:
    to-regex-range "^5.0.1"

glob-parent@~5.1.2:
  version "5.1.2"
  resolved "https://registry.npmjs.org/glob-parent/-/glob-parent-5.1.2.tgz"
  integrity sha512-AOIgSQCepiJYwP3ARnGx+5VnTu2HBYdzbGP45eLw1vr3zB3vZLeyed1sC9hnbcOc9/SrMyM5RPQrkGz4aS9Zow==
  dependencies:
    is-glob "^4.0.1"

he@^1.2.0:
  version "1.2.0"
  resolved "https://registry.npmjs.org/he/-/he-1.2.0.tgz"
  integrity sha512-F/1DnUGPopORZi0ni+CvrCgHQ5FyEAHRLSApuYWMmrbSwoN2Mn/7k+Gl38gJnR7yyDZk6WLXwiGod1JOWNDKGw==

immutable@^4.0.0:
  version "4.3.0"
  resolved "https://registry.npmjs.org/immutable/-/immutable-4.3.0.tgz"
  integrity sha512-0AOCmOip+xgJwEVTQj1EfiDDOkPmuyllDuTuEX+DDXUgapLAsBIfkg3sxCYyCEA8mQqZrrxPUGjcOQ2JS3WLkg==

is-binary-path@~2.1.0:
  version "2.1.0"
  resolved "https://registry.npmjs.org/is-binary-path/-/is-binary-path-2.1.0.tgz"
  integrity sha512-ZMERYes6pDydyuGidse7OsHxtbI7WVeUEozgR/g7rd0xUimYNlvZRE/K2MgZTjWy725IfelLeVcEM97mmtRGXw==
  dependencies:
    binary-extensions "^2.0.0"

is-extglob@^2.1.1:
  version "2.1.1"
  resolved "https://registry.npmjs.org/is-extglob/-/is-extglob-2.1.1.tgz"
  integrity sha512-SbKbANkN603Vi4jEZv49LeVJMn4yGwsbzZworEoyEiutsN3nJYdbO36zfhGJ6QEDpOZIFkDtnq5JRxmvl3jsoQ==

is-glob@^4.0.1, is-glob@~4.0.1:
  version "4.0.3"
  resolved "https://registry.npmjs.org/is-glob/-/is-glob-4.0.3.tgz"
  integrity sha512-xelSayHH36ZgE7ZWhli7pW34hNbNl8Ojv5KVmkJD4hBdD3th8Tfk9vYasLM+mXWOZhFkgZfxhLSnrwRr4elSSg==
  dependencies:
    is-extglob "^2.1.1"

is-number@^7.0.0:
  version "7.0.0"
  resolved "https://registry.npmjs.org/is-number/-/is-number-7.0.0.tgz"
  integrity sha512-41Cifkg6e8TylSpdtTpeLVMqvSBEVzTttHvERD741+pnZ8ANv0004MRL43QKPDlK9cGvNp6NZWZUBlbGXYxxng==

lodash-es@*, lodash-es@^4.17.21:
  version "4.17.21"
  resolved "https://registry.npmmirror.com/lodash-es/-/lodash-es-4.17.21.tgz"
  integrity sha512-mKnC+QJ9pWVzv+C4/U3rRsHapFfHvQFoFB92e52xeyGMcX6/OlIl78je1u8vePzYZSkkogMPJ2yjxxsb89cxyw==

lodash-unified@^1.0.2:
  version "1.0.3"
  resolved "https://registry.npmmirror.com/lodash-unified/-/lodash-unified-1.0.3.tgz"
  integrity sha512-WK9qSozxXOD7ZJQlpSqOT+om2ZfcT4yO+03FuzAHD0wF6S0l0090LRPDx3vhTTLZ8cFKpBn+IOcVXK6qOcIlfQ==

lodash@*, lodash@^4.17.21:
  version "4.17.21"
  resolved "https://registry.npmmirror.com/lodash/-/lodash-4.17.21.tgz"
  integrity sha512-v2kDEe57lecTulaDIuNTPy3Ry4gLGJ6Z1O3vE1krgXZNrsQ+LFTGHVxVjcXPs17LhbZVGedAJv8XZ1tvj5FvSg==

lru-cache@^6.0.0:
  version "6.0.0"
  resolved "https://registry.npmjs.org/lru-cache/-/lru-cache-6.0.0.tgz"
  integrity sha512-Jo6dJ04CmSjuznwJSS3pUeWmd/H0ffTlkXXgwZi+eq1UCmqQwCh+eLsYOYCwY991i2Fah4h1BEMCx4qThGbsiA==
  dependencies:
    yallist "^4.0.0"

magic-string@^0.30.0:
  version "0.30.0"
  resolved "https://registry.npmjs.org/magic-string/-/magic-string-0.30.0.tgz"
  integrity sha512-LA+31JYDJLs82r2ScLrlz1GjSgu66ZV518eyWT+S8VhyQn/JL0u9MeBOvQMGYiPk1DBiSN9DDMOcXvigJZaViQ==
  dependencies:
    "@jridgewell/sourcemap-codec" "^1.4.13"

memoize-one@^6.0.0:
  version "6.0.0"
  resolved "https://registry.npmmirror.com/memoize-one/-/memoize-one-6.0.0.tgz"
  integrity sha512-rkpe71W0N0c0Xz6QD0eJETuWAJGnJ9afsl1srmwPrI+yBCkge5EycXXbYRyvL29zZVUWQCY7InPRCv3GDXuZNw==

minimatch@^9.0.0:
  version "9.0.1"
  resolved "https://registry.npmjs.org/minimatch/-/minimatch-9.0.1.tgz"
  integrity sha512-0jWhJpD/MdhPXwPuiRkCbfYfSKp2qnn2eOc279qI7f+osl/l+prKSrvhg157zSYvx/1nmgn2NqdT6k2Z7zSH9w==
  dependencies:
    brace-expansion "^2.0.1"

muggle-string@^0.2.2:
  version "0.2.2"
  resolved "https://registry.npmjs.org/muggle-string/-/muggle-string-0.2.2.tgz"
  integrity sha512-YVE1mIJ4VpUMqZObFndk9CJu6DBJR/GB13p3tXuNbwD4XExaI5EOuRl6BHeIDxIqXZVxSfAC+y6U1Z/IxCfKUg==

nanoid@^3.3.6:
  version "3.3.6"
  resolved "https://registry.npmjs.org/nanoid/-/nanoid-3.3.6.tgz"
  integrity sha512-BGcqMMJuToF7i1rt+2PWSNVnWIkGCU78jBG3RxO/bZlnZPK2Cmi2QaffxGO/2RvWi9sL+FAiRiXMgsyxQ1DIDA==

normalize-path@^3.0.0, normalize-path@~3.0.0:
  version "3.0.0"
  resolved "https://registry.npmjs.org/normalize-path/-/normalize-path-3.0.0.tgz"
  integrity sha512-6eZs5Ls3WtCisHWp9S2GUy8dqkpGi4BVSz3GaqiE6ezub0512ESztXUwUB6C6IKbQkY2Pnb/mD4WYojCRwcwLA==

normalize-wheel-es@^1.2.0:
  version "1.2.0"
  resolved "https://registry.npmmirror.com/normalize-wheel-es/-/normalize-wheel-es-1.2.0.tgz"
  integrity sha512-Wj7+EJQ8mSuXr2iWfnujrimU35R2W4FAErEyTmJoJ7ucwTn2hOUSsRehMb5RSYkxXGTM7Y9QpvPmp++w5ftoJw==

odometer@^0.4.8:
  version "0.4.8"
  resolved "https://registry.npmmirror.com/odometer/-/odometer-0.4.8.tgz"
  integrity sha512-bfKuAhWE/qMCiX9bwX90c5bTpt7MDVeq1e6YsOHQrYokNhv9jhS5JbR9kg6i+FeWmDgalf3VUtwNx1aVaZ8cgg==

picocolors@^1.0.0:
  version "1.0.0"
  resolved "https://registry.npmjs.org/picocolors/-/picocolors-1.0.0.tgz"
  integrity sha512-1fygroTLlHu66zi26VoTDv8yRgm0Fccecssto+MhsZ0D/DGW2sm8E8AjW7NU5VVTRt5GxbeZ5qBuJr+HyLYkjQ==

picomatch@^2.0.4, picomatch@^2.2.1:
  version "2.3.1"
  resolved "https://registry.npmjs.org/picomatch/-/picomatch-2.3.1.tgz"
  integrity sha512-JU3teHTNjmE2VCGFzuY8EXzCDVwEqB2a8fsIvwaStHhAWJEeVd1o1QD80CU6+ZdEXXSLbSsuLwJjkCBWqRQUVA==

pinia@^2.1.3:
  version "2.1.3"
  resolved "https://registry.npmmirror.com/pinia/-/pinia-2.1.3.tgz"
  integrity sha512-XNA/z/ye4P5rU1pieVmh0g/hSuDO98/a5UC8oSP0DNdvt6YtetJNHTrXwpwsQuflkGT34qKxAEcp7lSxXNjf/A==
  dependencies:
    "@vue/devtools-api" "^6.5.0"
    vue-demi ">=0.14.5"

postcss@^8.1.10, postcss@^8.4.23:
  version "8.4.23"
  resolved "https://registry.npmjs.org/postcss/-/postcss-8.4.23.tgz"
  integrity sha512-bQ3qMcpF6A/YjR55xtoTr0jGOlnPOKAIMdOWiv0EIT6HVPEaJiJB4NLljSbiHoC2RX7DN5Uvjtpbg1NPdwv1oA==
  dependencies:
    nanoid "^3.3.6"
    picocolors "^1.0.0"
    source-map-js "^1.0.2"

readdirp@~3.6.0:
  version "3.6.0"
  resolved "https://registry.npmjs.org/readdirp/-/readdirp-3.6.0.tgz"
  integrity sha512-hOS089on8RduqdbhvQ5Z37A0ESjsqz6qnRcffsMU3495FuTdqSm+7bhJ29JvIOsBDEEnan5DPu9t3To9VRlMzA==
  dependencies:
    picomatch "^2.2.1"

rollup@^3.21.0:
  version "3.23.0"
  resolved "https://registry.npmjs.org/rollup/-/rollup-3.23.0.tgz"
  integrity sha512-h31UlwEi7FHihLe1zbk+3Q7z1k/84rb9BSwmBSr/XjOCEaBJ2YyedQDuM0t/kfOS0IxM+vk1/zI9XxYj9V+NJQ==
  optionalDependencies:
    fsevents "~2.3.2"

sass@*, sass@^1.62.1:
  version "1.62.1"
  resolved "https://registry.npmjs.org/sass/-/sass-1.62.1.tgz"
  integrity sha512-NHpxIzN29MXvWiuswfc1W3I0N8SXBd8UR26WntmDlRYf0bSADnwnOjsyMZ3lMezSlArD33Vs3YFhp7dWvL770A==
  dependencies:
    chokidar ">=3.0.0 <4.0.0"
    immutable "^4.0.0"
    source-map-js ">=0.6.2 <2.0.0"

semver@^7.3.8:
  version "7.5.1"
  resolved "https://registry.npmjs.org/semver/-/semver-7.5.1.tgz"
  integrity sha512-Wvss5ivl8TMRZXXESstBA4uR5iXgEN/VC5/sOcuXdVLzcdkz4HWetIoRfG5gb5X+ij/G9rw9YoGn3QoQ8OCSpw==
  dependencies:
    lru-cache "^6.0.0"

sortablejs@^1.15.0:
  version "1.15.0"
  resolved "https://registry.npmjs.org/sortablejs/-/sortablejs-1.15.0.tgz"
  integrity sha512-bv9qgVMjUMf89wAvM6AxVvS/4MX3sPeN0+agqShejLU5z5GX4C75ow1O2e5k4L6XItUyAK3gH6AxSbXrOM5e8w==

source-map-js@^1.0.2, "source-map-js@>=0.6.2 <2.0.0":
  version "1.0.2"
  resolved "https://registry.npmjs.org/source-map-js/-/source-map-js-1.0.2.tgz"
  integrity sha512-R0XvVJ9WusLiqTCEiGCmICCMplcCkIwwR11mOSD9CR5u+IXYdiseeEuXCVAjS54zqwkLcPNnmU4OeJ6tUrWhDw==

to-regex-range@^5.0.1:
  version "5.0.1"
  resolved "https://registry.npmjs.org/to-regex-range/-/to-regex-range-5.0.1.tgz"
  integrity sha512-65P7iz6X5yEr1cwcgvQxbbIw7Uk3gOy5dIdtZ4rDveLqhrdJP+Li/Hx6tyK0NEb+2GCyneCMJiGqrADCSNk8sQ==
  dependencies:
    is-number "^7.0.0"

tslib@2.3.0:
  version "2.3.0"
  resolved "https://registry.npmmirror.com/tslib/-/tslib-2.3.0.tgz"
  integrity sha512-N82ooyxVNm6h1riLCoyS9e3fuJ3AMG2zIZs2Gd1ATcSFjSA23Q0fzjjZeh0jbJvWVDZ0cJT8yaNNaaXHzueNjg==

typescript@*, typescript@^5.0.2, typescript@>=4.4.4:
  version "5.0.4"
  resolved "https://registry.npmjs.org/typescript/-/typescript-5.0.4.tgz"
  integrity sha512-cW9T5W9xY37cc+jfEnaUvX91foxtHkza3Nw3wkoF4sSlKn0MONdkdEndig/qPBWXNkmplh3NzayQzCiHM4/hqw==

vite@^4.0.0, vite@^4.3.2:
  version "4.3.8"
  resolved "https://registry.npmjs.org/vite/-/vite-4.3.8.tgz"
  integrity sha512-uYB8PwN7hbMrf4j1xzGDk/lqjsZvCDbt/JC5dyfxc19Pg8kRm14LinK/uq+HSLNswZEoKmweGdtpbnxRtrAXiQ==
  dependencies:
    esbuild "^0.17.5"
    postcss "^8.4.23"
    rollup "^3.21.0"
  optionalDependencies:
    fsevents "~2.3.2"

vue-demi@*, vue-demi@>=0.14.5:
  version "0.14.5"
  resolved "https://registry.npmmirror.com/vue-demi/-/vue-demi-0.14.5.tgz"
  integrity sha512-o9NUVpl/YlsGJ7t+xuqJKx8EBGf1quRhCiT6D/J0pfwmk9zUwYkC7yrF4SZCe6fETvSM3UNL2edcbYrSyc4QHA==

vue-router@^4.2.1:
  version "4.2.1"
  resolved "https://registry.npmmirror.com/vue-router/-/vue-router-4.2.1.tgz"
  integrity sha512-nW28EeifEp8Abc5AfmAShy5ZKGsGzjcnZ3L1yc2DYUo+MqbBClrRP9yda3dIekM4I50/KnEwo1wkBLf7kHH5Cw==
  dependencies:
    "@vue/devtools-api" "^6.5.0"

vue-template-compiler@^2.7.14:
  version "2.7.14"
  resolved "https://registry.npmjs.org/vue-template-compiler/-/vue-template-compiler-2.7.14.tgz"
  integrity sha512-zyA5Y3ArvVG0NacJDkkzJuPQDF8RFeRlzV2vLeSnhSpieO6LK2OVbdLPi5MPPs09Ii+gMO8nY4S3iKQxBxDmWQ==
  dependencies:
    de-indent "^1.0.2"
    he "^1.2.0"

vue-tsc@^1.4.2:
  version "1.6.5"
  resolved "https://registry.npmjs.org/vue-tsc/-/vue-tsc-1.6.5.tgz"
  integrity sha512-Wtw3J7CC+JM2OR56huRd5iKlvFWpvDiU+fO1+rqyu4V2nMTotShz4zbOZpW5g9fUOcjnyZYfBo5q5q+D/q27JA==
  dependencies:
    "@volar/vue-language-core" "1.6.5"
    "@volar/vue-typescript" "1.6.5"
    semver "^7.3.8"

"vue@^2.6.14 || ^3.3.0", "vue@^3.0.0-0 || ^2.6.0", vue@^3.2.0, vue@^3.2.25, vue@^3.2.47, vue@>=3.2.0, vue@3.3.4:
  version "3.3.4"
  resolved "https://registry.npmjs.org/vue/-/vue-3.3.4.tgz"
  integrity sha512-VTyEYn3yvIeY1Py0WaYGZsXnz3y5UnGi62GjVEqvEGPl6nxbOrCXbVOTQWBEJUqAyTUk2uJ5JLVnYJ6ZzGbrSw==
  dependencies:
    "@vue/compiler-dom" "3.3.4"
    "@vue/compiler-sfc" "3.3.4"
    "@vue/runtime-dom" "3.3.4"
    "@vue/server-renderer" "3.3.4"
    "@vue/shared" "3.3.4"

vue3-odometer@^0.1.3:
  version "0.1.3"
  resolved "https://registry.npmmirror.com/vue3-odometer/-/vue3-odometer-0.1.3.tgz"
  integrity sha512-WhsDgLv9LWiD6N12OOwLmLCYni1oR3gBXGnyn/vZ2I4TnXpGB5WgnNiNXGAcXcGf5aGhBRrkc7KyV13PCdSxCQ==
  dependencies:
    odometer "^0.4.8"
    vue "^3.2.25"

yallist@^4.0.0:
  version "4.0.0"
  resolved "https://registry.npmjs.org/yallist/-/yallist-4.0.0.tgz"
  integrity sha512-3wdGidZyq5PB084XLES5TpOSRA3wjXAlIWMhum2kRcv/41Sn2emQ0dycQW4uZXLejwKvg6EsvbdlVL+FYEct7A==

zrender@5.6.0:
  version "5.6.0"
  resolved "https://registry.npmmirror.com/zrender/-/zrender-5.6.0.tgz"
  integrity sha512-uzgraf4njmmHAbEUxMJ8Oxg+P3fT04O+9p7gY+wJRVxo8Ge+KmYv0WJev945EH4wFuc4OY2NLXz46FZrWS9xJg==
  dependencies:
    tslib "2.3.0"
